hash: 30254bc5c5aead47340178915839c8c24c8b100104398177564fbaee37076b4b
updated: 2016-09-26T15:01:43.8437849-04:00
imports:
- name: github.com/boj/redistore
  version: fc113767cd6b051980f260d6dbe84b2740c46ab0
- name: github.com/garyburd/redigo
  version: ffa8d46ada782d81cfda81a0fbd9f45ceae448e8
  subpackages:
  - internal
  - redis
- name: github.com/gin-gonic/contrib
  version: 547e518040cfb96576b507d2f26779ab9c6fc829
  subpackages:
  - sessions
- name: github.com/gin-gonic/gin
  version: f931d1ea80ae95a6fc739213cdd9399bd2967fb6
  subpackages:
  - binding
  - render
- name: github.com/golang/protobuf
  version: 2402d76f3d41f928c7902a765dfc872356dd3aad
  subpackages:
  - proto
- name: github.com/gorilla/context
  version: 08b5f424b9271eedf6f9f0ce86cb9396ed337a42
- name: github.com/gorilla/securecookie
  version: c13558c2b1c44da35e0eb043053609a5ba3a1f19
- name: github.com/gorilla/sessions
  version: ca9ada44574153444b00d3fd9c8559e4cc95f896
- name: github.com/icrowley/fake
  version: 84bff6d01560fb0b5a396ba29534e93fd00d09c6
- name: github.com/intervention-engine/fhir
  version: e3c9d7f9adbbc3e0fc7552f52bad00183f4484c6
  subpackages:
  - auth
  - models
  - search
  - server
- name: github.com/intervention-engine/ptgen
  version: db3026e5eac72c788be17bdcb40da87ba90f7c35
- name: github.com/itsjamie/gin-cors
  version: 97b4a9da79331dfa2b6d35f4cdd1e50f5148859c
- name: github.com/jmcvetta/randutil
  version: 2bb1b664bcff821e02b2a0644cd29c7e824d54f8
- name: github.com/juju/errors
  version: 6f54ff6318409d31ff16261533ce2c8381a4fd5d
- name: github.com/manucorporat/sse
  version: ee05b128a739a0fb76c7ebd3ae4810c1de808d6d
- name: github.com/mitre/heart
  version: 0c46b433a490476c34ce33205e87a72c8e0bc7ef
- name: github.com/pebbe/util
  version: e0e04dfe647cbd76fc8a1fba55406e60a2e49a11
- name: github.com/satori/go.uuid
  version: 0aa62d5ddceb50dbcb909d790b5345affd3669b6
- name: github.com/Sirupsen/logrus
  version: 3ec0642a7fb6488f65b06f9040adc67e3990296a
- name: github.com/thoas/stats
  version: 152b5d051953fdb6e45f14b6826962aadc032324
- name: golang.org/x/net
  version: f315505cf3349909cdf013ea56690da34e96a451
  subpackages:
  - context
- name: golang.org/x/oauth2
  version: 3c3a985cb79f52a3190fbc056984415ca6763d01
  subpackages:
  - internal
- name: golang.org/x/sys
  version: 8f0908ab3b2457e2e15403d3697c9ef5cb4b57a9
  subpackages:
  - unix
- name: golang.org/x/tools
  version: c2ef61f450233d3c629ade8eb2083e43fa75c97a
  subpackages:
  - container/intsets
- name: google.golang.org/appengine
  version: 45688856612892bdabe348fff413e5075ac72f46
  subpackages:
  - internal
  - internal/base
  - internal/datastore
  - internal/log
  - internal/remote_api
  - internal/urlfetch
  - urlfetch
- name: gopkg.in/go-playground/validator.v8
  version: c193cecd124b5cc722d7ee5538e945bdb3348435
- name: gopkg.in/mgo.v2
  version: 3f83fa5005286a7fe593b055f0d7771a7dce4655
  subpackages:
  - bson
  - internal/json
  - internal/sasl
  - internal/scram
- name: gopkg.in/square/go-jose.v1
  version: aa2e30fdd1fe9dd3394119af66451ae790d50e0d
  subpackages:
  - cipher
  - json
- name: gopkg.in/yaml.v2
  version: 31c299268d302dd0aa9a0dcf765a3d58971ac83f
testImports:
- name: gopkg.in/check.v1
  version: 4f90aeace3a26ad7021961c297b22c42160c7b25
